// !$*UTF8*$!
{
	archiveVersion = 1;
	classes = {
	};
	objectVersion = 50;
	objects = {

/* Begin PBXBuildFile section */
		70068F5B21DF6D54001EEE97 /* RestaurantTableViewController.swift in Sources */ = {isa = PBXBuildFile; fileRef = 70068F5A21DF6D54001EEE97 /* RestaurantTableViewController.swift */; };
		70068F6921DF8AF1001EEE97 /* RestaurantTableViewCell.swift in Sources */ = {isa = PBXBuildFile; fileRef = 70068F6821DF8AF1001EEE97 /* RestaurantTableViewCell.swift */; };
		70068F7921E0F513001EEE97 /* RestaurantDetailViewController.swift in Sources */ = {isa = PBXBuildFile; fileRef = 70068F7821E0F513001EEE97 /* RestaurantDetailViewController.swift */; };
		70068F7B21E10E1C001EEE97 /* Restaurant.swift in Sources */ = {isa = PBXBuildFile; fileRef = 70068F7A21E10E1C001EEE97 /* Restaurant.swift */; };
		7006900F21E130A3001EEE97 /* Rubik-Black.ttf in Resources */ = {isa = PBXBuildFile; fileRef = 7006900D21E1306E001EEE97 /* Rubik-Black.ttf */; };
		7006901021E130A8001EEE97 /* Rubik-BlackItalic.ttf in Resources */ = {isa = PBXBuildFile; fileRef = 7006900421E1306C001EEE97 /* Rubik-BlackItalic.ttf */; };
		7006901121E130A8001EEE97 /* Rubik-Bold.ttf in Resources */ = {isa = PBXBuildFile; fileRef = 7006900621E1306D001EEE97 /* Rubik-Bold.ttf */; };
		7006901221E130A8001EEE97 /* Rubik-BoldItalic.ttf in Resources */ = {isa = PBXBuildFile; fileRef = 7006900921E1306D001EEE97 /* Rubik-BoldItalic.ttf */; };
		7006901321E130A8001EEE97 /* Rubik-Italic.ttf in Resources */ = {isa = PBXBuildFile; fileRef = 7006900A21E1306D001EEE97 /* Rubik-Italic.ttf */; };
		7006901421E130A8001EEE97 /* Rubik-Light.ttf in Resources */ = {isa = PBXBuildFile; fileRef = 7006900521E1306D001EEE97 /* Rubik-Light.ttf */; };
		7006901521E130A8001EEE97 /* Rubik-LightItalic.ttf in Resources */ = {isa = PBXBuildFile; fileRef = 7006900721E1306D001EEE97 /* Rubik-LightItalic.ttf */; };
		7006901621E130A8001EEE97 /* Rubik-Medium.ttf in Resources */ = {isa = PBXBuildFile; fileRef = 7006900821E1306D001EEE97 /* Rubik-Medium.ttf */; };
		7006901721E130A8001EEE97 /* Rubik-MediumItalic.ttf in Resources */ = {isa = PBXBuildFile; fileRef = 7006900B21E1306E001EEE97 /* Rubik-MediumItalic.ttf */; };
		7006901821E130B0001EEE97 /* Rubik-Regular.ttf in Resources */ = {isa = PBXBuildFile; fileRef = 7006900C21E1306E001EEE97 /* Rubik-Regular.ttf */; };
		703CDA6A21DD99B300D01E2D /* AppDelegate.swift in Sources */ = {isa = PBXBuildFile; fileRef = 703CDA6921DD99B300D01E2D /* AppDelegate.swift */; };
		703CDA6F21DD99B300D01E2D /* Main.storyboard in Resources */ = {isa = PBXBuildFile; fileRef = 703CDA6D21DD99B300D01E2D /* Main.storyboard */; };
		703CDA7121DD99B600D01E2D /* Assets.xcassets in Resources */ = {isa = PBXBuildFile; fileRef = 703CDA7021DD99B600D01E2D /* Assets.xcassets */; };
		703CDA7421DD99B600D01E2D /* LaunchScreen.storyboard in Resources */ = {isa = PBXBuildFile; fileRef = 703CDA7221DD99B600D01E2D /* LaunchScreen.storyboard */; };
		70E7E01721E2133C001913C4 /* RestaurantDetailHeaderView.swift in Sources */ = {isa = PBXBuildFile; fileRef = 70E7E01621E2133C001913C4 /* RestaurantDetailHeaderView.swift */; };
		70E7E01B21E22B89001913C4 /* RestaurantDetailIconTextCell.swift in Sources */ = {isa = PBXBuildFile; fileRef = 70E7E01A21E22B89001913C4 /* RestaurantDetailIconTextCell.swift */; };
		70E7E01D21E23087001913C4 /* RestaurantDetailTextCell.swift in Sources */ = {isa = PBXBuildFile; fileRef = 70E7E01C21E23087001913C4 /* RestaurantDetailTextCell.swift */; };
		70E7E02021E381D8001913C4 /* UIColor+Ext.swift in Sources */ = {isa = PBXBuildFile; fileRef = 70E7E01F21E381D8001913C4 /* UIColor+Ext.swift */; };
		70E7E02221E387FA001913C4 /* UINavigationController+Ext.swift in Sources */ = {isa = PBXBuildFile; fileRef = 70E7E02121E387FA001913C4 /* UINavigationController+Ext.swift */; };
		70E7E02521E3B20A001913C4 /* MapKit.framework in Frameworks */ = {isa = PBXBuildFile; fileRef = 70E7E02421E3B20A001913C4 /* MapKit.framework */; };
		70E7E02721E3B8D3001913C4 /* RestaurantDetaulSeparatorCell.swift in Sources */ = {isa = PBXBuildFile; fileRef = 70E7E02621E3B8D3001913C4 /* RestaurantDetaulSeparatorCell.swift */; };
		70E7E02921E3BA9E001913C4 /* RestaurantDetailMapCell.swift in Sources */ = {isa = PBXBuildFile; fileRef = 70E7E02821E3BA9E001913C4 /* RestaurantDetailMapCell.swift */; };
		70E7E02B21E3DE06001913C4 /* MapViewController.swift in Sources */ = {isa = PBXBuildFile; fileRef = 70E7E02A21E3DE06001913C4 /* MapViewController.swift */; };
/* End PBXBuildFile section */

/* Begin PBXFileReference section */
		70068F5A21DF6D54001EEE97 /* RestaurantTableViewController.swift */ = {isa = PBXFileReference; lastKnownFileType = sourcecode.swift; path = RestaurantTableViewController.swift; sourceTree = "<group>"; };
		70068F6821DF8AF1001EEE97 /* RestaurantTableViewCell.swift */ = {isa = PBXFileReference; lastKnownFileType = sourcecode.swift; path = RestaurantTableViewCell.swift; sourceTree = "<group>"; };
		70068F7821E0F513001EEE97 /* RestaurantDetailViewController.swift */ = {isa = PBXFileReference; lastKnownFileType = sourcecode.swift; path = RestaurantDetailViewController.swift; sourceTree = "<group>"; };
		70068F7A21E10E1C001EEE97 /* Restaurant.swift */ = {isa = PBXFileReference; lastKnownFileType = sourcecode.swift; path = Restaurant.swift; sourceTree = "<group>"; };
		7006900421E1306C001EEE97 /* Rubik-BlackItalic.ttf */ = {isa = PBXFileReference; lastKnownFileType = file; path = "Rubik-BlackItalic.ttf"; sourceTree = "<group>"; };
		7006900521E1306D001EEE97 /* Rubik-Light.ttf */ = {isa = PBXFileReference; lastKnownFileType = file; path = "Rubik-Light.ttf"; sourceTree = "<group>"; };
		7006900621E1306D001EEE97 /* Rubik-Bold.ttf */ = {isa = PBXFileReference; lastKnownFileType = file; path = "Rubik-Bold.ttf"; sourceTree = "<group>"; };
		7006900721E1306D001EEE97 /* Rubik-LightItalic.ttf */ = {isa = PBXFileReference; lastKnownFileType = file; path = "Rubik-LightItalic.ttf"; sourceTree = "<group>"; };
		7006900821E1306D001EEE97 /* Rubik-Medium.ttf */ = {isa = PBXFileReference; lastKnownFileType = file; path = "Rubik-Medium.ttf"; sourceTree = "<group>"; };
		7006900921E1306D001EEE97 /* Rubik-BoldItalic.ttf */ = {isa = PBXFileReference; lastKnownFileType = file; path = "Rubik-BoldItalic.ttf"; sourceTree = "<group>"; };
		7006900A21E1306D001EEE97 /* Rubik-Italic.ttf */ = {isa = PBXFileReference; lastKnownFileType = file; path = "Rubik-Italic.ttf"; sourceTree = "<group>"; };
		7006900B21E1306E001EEE97 /* Rubik-MediumItalic.ttf */ = {isa = PBXFileReference; lastKnownFileType = file; path = "Rubik-MediumItalic.ttf"; sourceTree = "<group>"; };
		7006900C21E1306E001EEE97 /* Rubik-Regular.ttf */ = {isa = PBXFileReference; lastKnownFileType = file; path = "Rubik-Regular.ttf"; sourceTree = "<group>"; };
		7006900D21E1306E001EEE97 /* Rubik-Black.ttf */ = {isa = PBXFileReference; lastKnownFileType = file; path = "Rubik-Black.ttf"; sourceTree = "<group>"; };
		703CDA6621DD99B300D01E2D /* HelloMyRecorder.app */ = {isa = PBXFileReference; explicitFileType = wrapper.application; includeInIndex = 0; path = HelloMyRecorder.app; sourceTree = BUILT_PRODUCTS_DIR; };
		703CDA6921DD99B300D01E2D /* AppDelegate.swift */ = {isa = PBXFileReference; lastKnownFileType = sourcecode.swift; path = AppDelegate.swift; sourceTree = "<group>"; };
		703CDA6E21DD99B300D01E2D /* Base */ = {isa = PBXFileReference; lastKnownFileType = file.storyboard; name = Base; path = Base.lproj/Main.storyboard; sourceTree = "<group>"; };
		703CDA7021DD99B600D01E2D /* Assets.xcassets */ = {isa = PBXFileReference; lastKnownFileType = folder.assetcatalog; path = Assets.xcassets; sourceTree = "<group>"; };
		703CDA7321DD99B600D01E2D /* Base */ = {isa = PBXFileReference; lastKnownFileType = file.storyboard; name = Base; path = Base.lproj/LaunchScreen.storyboard; sourceTree = "<group>"; };
		703CDA7521DD99B600D01E2D /* Info.plist */ = {isa = PBXFileReference; lastKnownFileType = text.plist.xml; path = Info.plist; sourceTree = "<group>"; };
		70E7E01621E2133C001913C4 /* RestaurantDetailHeaderView.swift */ = {isa = PBXFileReference; lastKnownFileType = sourcecode.swift; path = RestaurantDetailHeaderView.swift; sourceTree = "<group>"; };
		70E7E01A21E22B89001913C4 /* RestaurantDetailIconTextCell.swift */ = {isa = PBXFileReference; lastKnownFileType = sourcecode.swift; path = RestaurantDetailIconTextCell.swift; sourceTree = "<group>"; };
		70E7E01C21E23087001913C4 /* RestaurantDetailTextCell.swift */ = {isa = PBXFileReference; lastKnownFileType = sourcecode.swift; path = RestaurantDetailTextCell.swift; sourceTree = "<group>"; };
		70E7E01F21E381D8001913C4 /* UIColor+Ext.swift */ = {isa = PBXFileReference; lastKnownFileType = sourcecode.swift; path = "UIColor+Ext.swift"; sourceTree = "<group>"; };
		70E7E02121E387FA001913C4 /* UINavigationController+Ext.swift */ = {isa = PBXFileReference; lastKnownFileType = sourcecode.swift; path = "UINavigationController+Ext.swift"; sourceTree = "<group>"; };
		70E7E02421E3B20A001913C4 /* MapKit.framework */ = {isa = PBXFileReference; lastKnownFileType = wrapper.framework; name = MapKit.framework; path = System/Library/Frameworks/MapKit.framework; sourceTree = SDKROOT; };
		70E7E02621E3B8D3001913C4 /* RestaurantDetaulSeparatorCell.swift */ = {isa = PBXFileReference; lastKnownFileType = sourcecode.swift; name = RestaurantDetaulSeparatorCell.swift; path = ../../../../htdocs/RestaurantDetaulSeparatorCell.swift; sourceTree = "<group>"; };
		70E7E02821E3BA9E001913C4 /* RestaurantDetailMapCell.swift */ = {isa = PBXFileReference; lastKnownFileType = sourcecode.swift; path = RestaurantDetailMapCell.swift; sourceTree = "<group>"; };
		70E7E02A21E3DE06001913C4 /* MapViewController.swift */ = {isa = PBXFileReference; lastKnownFileType = sourcecode.swift; path = MapViewController.swift; sourceTree = "<group>"; };
/* End PBXFileReference section */

/* Begin PBXFrameworksBuildPhase section */
		703CDA6321DD99B300D01E2D /* Frameworks */ = {
			isa = PBXFrameworksBuildPhase;
			buildActionMask = 2147483647;
			files = (
				70E7E02521E3B20A001913C4 /* MapKit.framework in Frameworks */,
			);
			runOnlyForDeploymentPostprocessing = 0;
		};
/* End PBXFrameworksBuildPhase section */

/* Begin PBXGroup section */
		70068F7C21E118D4001EEE97 /* Controller */ = {
			isa = PBXGroup;
			children = (
				70068F5A21DF6D54001EEE97 /* RestaurantTableViewController.swift */,
				70068F7821E0F513001EEE97 /* RestaurantDetailViewController.swift */,
				70E7E02A21E3DE06001913C4 /* MapViewController.swift */,
			);
			path = Controller;
			sourceTree = "<group>";
		};
		70068FFC21E119AB001EEE97 /* Model */ = {
			isa = PBXGroup;
			children = (
				70068F7A21E10E1C001EEE97 /* Restaurant.swift */,
			);
			path = Model;
			sourceTree = "<group>";
		};
		70068FFD21E119CF001EEE97 /* Storyboard */ = {
			isa = PBXGroup;
			children = (
				703CDA7221DD99B600D01E2D /* LaunchScreen.storyboard */,
				703CDA6D21DD99B300D01E2D /* Main.storyboard */,
			);
			path = Storyboard;
			sourceTree = "<group>";
		};
		70068FFE21E119FE001EEE97 /* View */ = {
			isa = PBXGroup;
			children = (
				70068F6821DF8AF1001EEE97 /* RestaurantTableViewCell.swift */,
				70E7E01621E2133C001913C4 /* RestaurantDetailHeaderView.swift */,
				70E7E01A21E22B89001913C4 /* RestaurantDetailIconTextCell.swift */,
				70E7E01C21E23087001913C4 /* RestaurantDetailTextCell.swift */,
				70E7E02621E3B8D3001913C4 /* RestaurantDetaulSeparatorCell.swift */,
				70E7E02821E3BA9E001913C4 /* RestaurantDetailMapCell.swift */,
			);
			path = View;
			sourceTree = "<group>";
		};
		7006900321E13000001EEE97 /* Resources */ = {
			isa = PBXGroup;
			children = (
				7006900E21E13079001EEE97 /* Fonts */,
			);
			path = Resources;
			sourceTree = "<group>";
		};
		7006900E21E13079001EEE97 /* Fonts */ = {
			isa = PBXGroup;
			children = (
				7006900D21E1306E001EEE97 /* Rubik-Black.ttf */,
				7006900421E1306C001EEE97 /* Rubik-BlackItalic.ttf */,
				7006900621E1306D001EEE97 /* Rubik-Bold.ttf */,
				7006900921E1306D001EEE97 /* Rubik-BoldItalic.ttf */,
				7006900A21E1306D001EEE97 /* Rubik-Italic.ttf */,
				7006900521E1306D001EEE97 /* Rubik-Light.ttf */,
				7006900721E1306D001EEE97 /* Rubik-LightItalic.ttf */,
				7006900821E1306D001EEE97 /* Rubik-Medium.ttf */,
				7006900B21E1306E001EEE97 /* Rubik-MediumItalic.ttf */,
				7006900C21E1306E001EEE97 /* Rubik-Regular.ttf */,
			);
			path = Fonts;
			sourceTree = "<group>";
		};
		703CDA5D21DD99B300D01E2D = {
			isa = PBXGroup;
			children = (
				703CDA6821DD99B300D01E2D /* HelloMyRecorder */,
				703CDA6721DD99B300D01E2D /* Products */,
				70E7E02321E3B20A001913C4 /* Frameworks */,
			);
			sourceTree = "<group>";
		};
		703CDA6721DD99B300D01E2D /* Products */ = {
			isa = PBXGroup;
			children = (
				703CDA6621DD99B300D01E2D /* HelloMyRecorder.app */,
			);
			name = Products;
			sourceTree = "<group>";
		};
		703CDA6821DD99B300D01E2D /* HelloMyRecorder */ = {
			isa = PBXGroup;
			children = (
				70E7E01E21E38069001913C4 /* Extensions */,
				7006900321E13000001EEE97 /* Resources */,
				70068FFE21E119FE001EEE97 /* View */,
				70068FFC21E119AB001EEE97 /* Model */,
				70068F7C21E118D4001EEE97 /* Controller */,
				70068FFD21E119CF001EEE97 /* Storyboard */,
				703CDA7521DD99B600D01E2D /* Info.plist */,
				703CDA7021DD99B600D01E2D /* Assets.xcassets */,
				703CDA6921DD99B300D01E2D /* AppDelegate.swift */,
			);
			path = HelloMyRecorder;
			sourceTree = "<group>";
		};
		70E7E01E21E38069001913C4 /* Extensions */ = {
			isa = PBXGroup;
			children = (
				70E7E01F21E381D8001913C4 /* UIColor+Ext.swift */,
				70E7E02121E387FA001913C4 /* UINavigationController+Ext.swift */,
			);
			path = Extensions;
			sourceTree = "<group>";
		};
		70E7E02321E3B20A001913C4 /* Frameworks */ = {
			isa = PBXGroup;
			children = (
				70E7E02421E3B20A001913C4 /* MapKit.framework */,
			);
			name = Frameworks;
			sourceTree = "<group>";
		};
/* End PBXGroup section */

/* Begin PBXNativeTarget section */
		703CDA6521DD99B300D01E2D /* HelloMyRecorder */ = {
			isa = PBXNativeTarget;
			buildConfigurationList = 703CDA7821DD99B600D01E2D /* Build configuration list for PBXNativeTarget "HelloMyRecorder" */;
			buildPhases = (
				703CDA6221DD99B300D01E2D /* Sources */,
				703CDA6321DD99B300D01E2D /* Frameworks */,
				703CDA6421DD99B300D01E2D /* Resources */,
			);
			buildRules = (
			);
			dependencies = (
			);
			name = HelloMyRecorder;
			productName = HelloMyRecorder;
			productReference = 703CDA6621DD99B300D01E2D /* HelloMyRecorder.app */;
			productType = "com.apple.product-type.application";
		};
/* End PBXNativeTarget section */

/* Begin PBXProject section */
		703CDA5E21DD99B300D01E2D /* Project object */ = {
			isa = PBXProject;
			attributes = {
				LastSwiftUpdateCheck = 1010;
				LastUpgradeCheck = 1010;
				ORGANIZATIONNAME = "林欣鼎";
				TargetAttributes = {
					703CDA6521DD99B300D01E2D = {
						CreatedOnToolsVersion = 10.1;
						SystemCapabilities = {
							com.apple.BackgroundModes = {
								enabled = 1;
							};
							com.apple.Maps.iOS = {
								enabled = 1;
							};
						};
					};
				};
			};
			buildConfigurationList = 703CDA6121DD99B300D01E2D /* Build configuration list for PBXProject "HelloMyRecorder" */;
			compatibilityVersion = "Xcode 9.3";
			developmentRegion = en;
			hasScannedForEncodings = 0;
			knownRegions = (
				en,
				Base,
			);
			mainGroup = 703CDA5D21DD99B300D01E2D;
			productRefGroup = 703CDA6721DD99B300D01E2D /* Products */;
			projectDirPath = "";
			projectRoot = "";
			targets = (
				703CDA6521DD99B300D01E2D /* HelloMyRecorder */,
			);
		};
/* End PBXProject section */

/* Begin PBXResourcesBuildPhase section */
		703CDA6421DD99B300D01E2D /* Resources */ = {
			isa = PBXResourcesBuildPhase;
			buildActionMask = 2147483647;
			files = (
				7006901521E130A8001EEE97 /* Rubik-LightItalic.ttf in Resources */,
				7006901221E130A8001EEE97 /* Rubik-BoldItalic.ttf in Resources */,
				703CDA7421DD99B600D01E2D /* LaunchScreen.storyboard in Resources */,
				7006901121E130A8001EEE97 /* Rubik-Bold.ttf in Resources */,
				7006901421E130A8001EEE97 /* Rubik-Light.ttf in Resources */,
				7006901721E130A8001EEE97 /* Rubik-MediumItalic.ttf in Resources */,
				703CDA7121DD99B600D01E2D /* Assets.xcassets in Resources */,
				703CDA6F21DD99B300D01E2D /* Main.storyboard in Resources */,
				7006900F21E130A3001EEE97 /* Rubik-Black.ttf in Resources */,
				7006901321E130A8001EEE97 /* Rubik-Italic.ttf in Resources */,
				7006901821E130B0001EEE97 /* Rubik-Regular.ttf in Resources */,
				7006901621E130A8001EEE97 /* Rubik-Medium.ttf in Resources */,
				7006901021E130A8001EEE97 /* Rubik-BlackItalic.ttf in Resources */,
			);
			runOnlyForDeploymentPostprocessing = 0;
		};
/* End PBXResourcesBuildPhase section */

/* Begin PBXSourcesBuildPhase section */
		703CDA6221DD99B300D01E2D /* Sources */ = {
			isa = PBXSourcesBuildPhase;
			buildActionMask = 2147483647;
			files = (
				70E7E01721E2133C001913C4 /* RestaurantDetailHeaderView.swift in Sources */,
				70068F7B21E10E1C001EEE97 /* Restaurant.swift in Sources */,
				70E7E02921E3BA9E001913C4 /* RestaurantDetailMapCell.swift in Sources */,
				70E7E01D21E23087001913C4 /* RestaurantDetailTextCell.swift in Sources */,
				70068F5B21DF6D54001EEE97 /* RestaurantTableViewController.swift in Sources */,
				70068F6921DF8AF1001EEE97 /* RestaurantTableViewCell.swift in Sources */,
				70E7E02B21E3DE06001913C4 /* MapViewController.swift in Sources */,
				70E7E01B21E22B89001913C4 /* RestaurantDetailIconTextCell.swift in Sources */,
				70E7E02221E387FA001913C4 /* UINavigationController+Ext.swift in Sources */,
				70E7E02021E381D8001913C4 /* UIColor+Ext.swift in Sources */,
				70068F7921E0F513001EEE97 /* RestaurantDetailViewController.swift in Sources */,
				703CDA6A21DD99B300D01E2D /* AppDelegate.swift in Sources */,
				70E7E02721E3B8D3001913C4 /* RestaurantDetaulSeparatorCell.swift in Sources */,
			);
			runOnlyForDeploymentPostprocessing = 0;
		};
/* End PBXSourcesBuildPhase section */

/* Begin PBXVariantGroup section */
		703CDA6D21DD99B300D01E2D /* Main.storyboard */ = {
			isa = PBXVariantGroup;
			children = (
				703CDA6E21DD99B300D01E2D /* Base */,
			);
			name = Main.storyboard;
			sourceTree = "<group>";
		};
		703CDA7221DD99B600D01E2D /* LaunchScreen.storyboard */ = {
			isa = PBXVariantGroup;
			children = (
				703CDA7321DD99B600D01E2D /* Base */,
			);
			name = LaunchScreen.storyboard;
			sourceTree = "<group>";
		};
/* End PBXVariantGroup section */

/* Begin XCBuildConfiguration section */
		703CDA7621DD99B600D01E2D /* Debug */ = {
			isa = XCBuildConfiguration;
			buildSettings = {
				ALWAYS_SEARCH_USER_PATHS = NO;
				CLANG_ANALYZER_NONNULL = YES;
				CLANG_ANALYZER_NUMBER_OBJECT_CONVERSION = YES_AGGRESSIVE;
				CLANG_CXX_LANGUAGE_STANDARD = "gnu++14";
				CLANG_CXX_LIBRARY = "libc++";
				CLANG_ENABLE_MODULES = YES;
				CLANG_ENABLE_OBJC_ARC = YES;
				CLANG_ENABLE_OBJC_WEAK = YES;
				CLANG_WARN_BLOCK_CAPTURE_AUTORELEASING = YES;
				CLANG_WARN_BOOL_CONVERSION = YES;
				CLANG_WARN_COMMA = YES;
				CLANG_WARN_CONSTANT_CONVERSION = YES;
				CLANG_WARN_DEPRECATED_OBJC_IMPLEMENTATIONS = YES;
				CLANG_WARN_DIRECT_OBJC_ISA_USAGE = YES_ERROR;
				CLANG_WARN_DOCUMENTATION_COMMENTS = YES;
				CLANG_WARN_EMPTY_BODY = YES;
				CLANG_WARN_ENUM_CONVERSION = YES;
				CLANG_WARN_INFINITE_RECURSION = YES;
				CLANG_WARN_INT_CONVERSION = YES;
				CLANG_WARN_NON_LITERAL_NULL_CONVERSION = YES;
				CLANG_WARN_OBJC_IMPLICIT_RETAIN_SELF = YES;
				CLANG_WARN_OBJC_LITERAL_CONVERSION = YES;
				CLANG_WARN_OBJC_ROOT_CLASS = YES_ERROR;
				CLANG_WARN_RANGE_LOOP_ANALYSIS = YES;
				CLANG_WARN_STRICT_PROTOTYPES = YES;
				CLANG_WARN_SUSPICIOUS_MOVE = YES;
				CLANG_WARN_UNGUARDED_AVAILABILITY = YES_AGGRESSIVE;
				CLANG_WARN_UNREACHABLE_CODE = YES;
				CLANG_WARN__DUPLICATE_METHOD_MATCH = YES;
				CODE_SIGN_IDENTITY = "iPhone Developer";
				COPY_PHASE_STRIP = NO;
				DEBUG_INFORMATION_FORMAT = dwarf;
				ENABLE_STRICT_OBJC_MSGSEND = YES;
				ENABLE_TESTABILITY = YES;
				GCC_C_LANGUAGE_STANDARD = gnu11;
				GCC_DYNAMIC_NO_PIC = NO;
				GCC_NO_COMMON_BLOCKS = YES;
				GCC_OPTIMIZATION_LEVEL = 0;
				GCC_PREPROCESSOR_DEFINITIONS = (
					"DEBUG=1",
					"$(inherited)",
				);
				GCC_WARN_64_TO_32_BIT_CONVERSION = YES;
				GCC_WARN_ABOUT_RETURN_TYPE = YES_ERROR;
				GCC_WARN_UNDECLARED_SELECTOR = YES;
				GCC_WARN_UNINITIALIZED_AUTOS = YES_AGGRESSIVE;
				GCC_WARN_UNUSED_FUNCTION = YES;
				GCC_WARN_UNUSED_VARIABLE = YES;
				IPHONEOS_DEPLOYMENT_TARGET = 12.1;
				MTL_ENABLE_DEBUG_INFO = INCLUDE_SOURCE;
				MTL_FAST_MATH = YES;
				ONLY_ACTIVE_ARCH = YES;
				SDKROOT = iphoneos;
				SWIFT_ACTIVE_COMPILATION_CONDITIONS = DEBUG;
				SWIFT_OPTIMIZATION_LEVEL = "-Onone";
			};
			name = Debug;
		};
		703CDA7721DD99B600D01E2D /* Release */ = {
			isa = XCBuildConfiguration;
			buildSettings = {
				ALWAYS_SEARCH_USER_PATHS = NO;
				CLANG_ANALYZER_NONNULL = YES;
				CLANG_ANALYZER_NUMBER_OBJECT_CONVERSION = YES_AGGRESSIVE;
				CLANG_CXX_LANGUAGE_STANDARD = "gnu++14";
				CLANG_CXX_LIBRARY = "libc++";
				CLANG_ENABLE_MODULES = YES;
				CLANG_ENABLE_OBJC_ARC = YES;
				CLANG_ENABLE_OBJC_WEAK = YES;
				CLANG_WARN_BLOCK_CAPTURE_AUTORELEASING = YES;
				CLANG_WARN_BOOL_CONVERSION = YES;
				CLANG_WARN_COMMA = YES;
				CLANG_WARN_CONSTANT_CONVERSION = YES;
				CLANG_WARN_DEPRECATED_OBJC_IMPLEMENTATIONS = YES;
				CLANG_WARN_DIRECT_OBJC_ISA_USAGE = YES_ERROR;
				CLANG_WARN_DOCUMENTATION_COMMENTS = YES;
				CLANG_WARN_EMPTY_BODY = YES;
				CLANG_WARN_ENUM_CONVERSION = YES;
				CLANG_WARN_INFINITE_RECURSION = YES;
				CLANG_WARN_INT_CONVERSION = YES;
				CLANG_WARN_NON_LITERAL_NULL_CONVERSION = YES;
				CLANG_WARN_OBJC_IMPLICIT_RETAIN_SELF = YES;
				CLANG_WARN_OBJC_LITERAL_CONVERSION = YES;
				CLANG_WARN_OBJC_ROOT_CLASS = YES_ERROR;
				CLANG_WARN_RANGE_LOOP_ANALYSIS = YES;
				CLANG_WARN_STRICT_PROTOTYPES = YES;
				CLANG_WARN_SUSPICIOUS_MOVE = YES;
				CLANG_WARN_UNGUARDED_AVAILABILITY = YES_AGGRESSIVE;
				CLANG_WARN_UNREACHABLE_CODE = YES;
				CLANG_WARN__DUPLICATE_METHOD_MATCH = YES;
				CODE_SIGN_IDENTITY = "iPhone Developer";
				COPY_PHASE_STRIP = NO;
				DEBUG_INFORMATION_FORMAT = "dwarf-with-dsym";
				ENABLE_NS_ASSERTIONS = NO;
				ENABLE_STRICT_OBJC_MSGSEND = YES;
				GCC_C_LANGUAGE_STANDARD = gnu11;
				GCC_NO_COMMON_BLOCKS = YES;
				GCC_WARN_64_TO_32_BIT_CONVERSION = YES;
				GCC_WARN_ABOUT_RETURN_TYPE = YES_ERROR;
				GCC_WARN_UNDECLARED_SELECTOR = YES;
				GCC_WARN_UNINITIALIZED_AUTOS = YES_AGGRESSIVE;
				GCC_WARN_UNUSED_FUNCTION = YES;
				GCC_WARN_UNUSED_VARIABLE = YES;
				IPHONEOS_DEPLOYMENT_TARGET = 12.1;
				MTL_ENABLE_DEBUG_INFO = NO;
				MTL_FAST_MATH = YES;
				SDKROOT = iphoneos;
				SWIFT_COMPILATION_MODE = wholemodule;
				SWIFT_OPTIMIZATION_LEVEL = "-O";
				VALIDATE_PRODUCT = YES;
			};
			name = Release;
		};
		703CDA7921DD99B600D01E2D /* Debug */ = {
			isa = XCBuildConfiguration;
			buildSettings = {
				ASSETCATALOG_COMPILER_APPICON_NAME = AppIcon;
				CODE_SIGN_STYLE = Automatic;
				DEVELOPMENT_TEAM = Y2CA696X58;
				INFOPLIST_FILE = HelloMyRecorder/Info.plist;
				LD_RUNPATH_SEARCH_PATHS = (
					"$(inherited)",
					"@executable_path/Frameworks",
				);
				PRODUCT_BUNDLE_IDENTIFIER = Citywork.HelloMyRecorder;
				PRODUCT_NAME = "$(TARGET_NAME)";
				SWIFT_VERSION = 4.2;
				TARGETED_DEVICE_FAMILY = "1,2";
			};
			name = Debug;
		};
		703CDA7A21DD99B600D01E2D /* Release */ = {
			isa = XCBuildConfiguration;
			buildSettings = {
				ASSETCATALOG_COMPILER_APPICON_NAME = AppIcon;
				CODE_SIGN_STYLE = Automatic;
				DEVELOPMENT_TEAM = Y2CA696X58;
				INFOPLIST_FILE = HelloMyRecorder/Info.plist;
				LD_RUNPATH_SEARCH_PATHS = (
					"$(inherited)",
					"@executable_path/Frameworks",
				);
				PRODUCT_BUNDLE_IDENTIFIER = Citywork.HelloMyRecorder;
				PRODUCT_NAME = "$(TARGET_NAME)";
				SWIFT_VERSION = 4.2;
				TARGETED_DEVICE_FAMILY = "1,2";
			};
			name = Release;
		};
/* End XCBuildConfiguration section */

/* Begin XCConfigurationList section */
		703CDA6121DD99B300D01E2D /* Build configuration list for PBXProject "HelloMyRecorder" */ = {
			isa = XCConfigurationList;
			buildConfigurations = (
				703CDA7621DD99B600D01E2D /* Debug */,
				703CDA7721DD99B600D01E2D /* Release */,
			);
			defaultConfigurationIsVisible = 0;
			defaultConfigurationName = Release;
		};
		703CDA7821DD99B600D01E2D /* Build configuration list for PBXNativeTarget "HelloMyRecorder" */ = {
			isa = XCConfigurationList;
			buildConfigurations = (
				703CDA7921DD99B600D01E2D /* Debug */,
				703CDA7A21DD99B600D01E2D /* Release */,
			);
			defaultConfigurationIsVisible = 0;
			defaultConfigurationName = Release;
		};
/* End XCConfigurationList section */
	};
	rootObject = 703CDA5E21DD99B300D01E2D /* Project object */;
}
